
Microsoft Visual Studio Solution File, Format Version 12.00
# Visual Studio Version 17
VisualStudioVersion = 17.14.36121.58 d17.14
MinimumVisualStudioVersion = 10.0.40219.1
Project("{FAE04EC0-301F-11D3-BF4B-00C04F79EFBC}") = "ASPCoreWebAPI", "ASPCoreWebAPI\ASPCoreWebAPI.csproj", "{63B641BF-300F-4172-833A-B9221FAC7829}"
EndProject
Global
	GlobalSection(SolutionConfigurationPlatforms) = preSolution
		Debug|Any CPU = Debug|Any CPU
		Release|Any CPU = Release|Any CPU
	EndGlobalSection
	GlobalSection(ProjectConfigurationPlatforms) = postSolution
		{63B641BF-300F-4172-833A-B9221FAC7829}.Debug|Any CPU.ActiveCfg = Debug|Any CPU
		{63B641BF-300F-4172-833A-B9221FAC7829}.Debug|Any CPU.Build.0 = Debug|Any CPU
		{63B641BF-300F-4172-833A-B9221FAC7829}.Release|Any CPU.ActiveCfg = Release|Any CPU
		{63B641BF-300F-4172-833A-B9221FAC7829}.Release|Any CPU.Build.0 = Release|Any CPU
	EndGlobalSection
	GlobalSection(SolutionProperties) = preSolution
		HideSolutionNode = FALSE
	EndGlobalSection
	GlobalSection(ExtensibilityGlobals) = postSolution
		SolutionGuid = {402229AE-185A-436F-A582-F795766FD726}
	EndGlobalSection
EndGlobal
